github.com/djherbis/times v1.6.0 h1:w2ctJ92J8fBvWPxugmXIv7Nz7Q3iDMKNx9v5ocVH20c=
github.com/djherbis/times v1.6.0/go.mod h1:gOHeRAz2h+VJNZ5Gmc/o7iD9k4wW7NMVqieYCY99oc0=
github.com/gabriel-vasile/mimetype v1.4.3 h1:in2uUcidCuFcDKtdcBxlR0rJ1+fsokWf+uqxgUFjbI0=
github.com/gabriel-vasile/mimetype v1.4.3/go.mod h1:d8uq/6HKRL6CGdk+aubisF/M5GcPfT7nKyLpA0lbSSk=
github.com/go-curses/corelibs/regexps v0.0.0-20231228181752-8fb18cee0baa h1:ua1fKbI7BA+HeG/QWQzNizOQT9EYWhIvNDkwsu7AVDQ=
github.com/go-curses/corelibs/regexps v0.0.0-20231228181752-8fb18cee0baa/go.mod h1:4SS5/a+qy24O19u+62B1ktutBr0eTLDbmmNsrdn32aQ=
github.com/go-curses/corelibs/slices v0.0.0-20231228181752-8fb18cee0baa h1:dEdxmIaLrksUmDle229P4GUkfEwh41g5X7E+oBVVDNE=
github.com/go-curses/corelibs/slices v0.0.0-20231228181752-8fb18cee0baa/go.mod h1:Xlve+fyoAY9OriDYCvtulsYurGpa1BBDww+0arx4fcM=
github.com/go-curses/corelibs/strings v0.0.0-20231228181752-8fb18cee0baa h1:+B8KtM6pS64Y6HV878y78t0CR4Zbhz/OIFB4wmHke7c=
github.com/go-curses/corelibs/strings v0.0.0-20231228181752-8fb18cee0baa/go.mod h1:qsmpy8WFr/wBcM2SPk8lP06eJ2mPwoRRHgrDXtkghCQ=
github.com/hexops/gotextdiff v1.0.3 h1:gitA9+qJrrTCsiCl7+kh75nPqQt1cx4ZkudSTLoUqJM=
github.com/hexops/gotextdiff v1.0.3/go.mod h1:pSWU5MAI3yDq+fZBTazCSJysOMbxWL1BSow5/V2vxeg=
github.com/iancoleman/strcase v0.3.0 h1:nTXanmYxhfFAMjZL34Ov6gkzEsSJZ5DbhxWjvSASxEI=
github.com/iancoleman/strcase v0.3.0/go.mod h1:iwCmte+B7n89clKwxIoIXy/HfoL7AsD47ZCWhYzw7ho=
github.com/maruel/natural v1.1.1 h1:Hja7XhhmvEFhcByqDoHz9QZbkWey+COd9xWfCfn1ioo=
github.com/maruel/natural v1.1.1/go.mod h1:v+Rfd79xlw1AgVBjbO0BEQmptqb5HvL/k9GRHB7ZKEg=
github.com/yookoala/realpath v1.0.0 h1:7OA9pj4FZd+oZDsyvXWQvjn5oBdcHRTV44PpdMSuImQ=
github.com/yookoala/realpath v1.0.0/go.mod h1:gJJMA9wuX7AcqLy1+ffPatSCySA1FQ2S8Ya9AIoYBpE=
golang.org/x/net v0.17.0 h1:pVaXccu2ozPjCXewfr1S7xza/zcXTity9cCdXQYSjIM=
golang.org/x/net v0.17.0/go.mod h1:NxSsAGuq816PNPmqtQdLE42eU2Fs7NoRIZrHJAlaCOE=
golang.org/x/sys v0.0.0-20220615213510-4f61da869c0c/go.mod h1:oPkhp1MJrh7nUepCBck5+mAzfO9JrbApNNgaTdGDITg=
golang.org/x/sys v0.13.0 h1:Af8nKPmuFypiUBjVoU9V20FiaFXOcuZI21p0ycVYYGE=
golang.org/x/sys v0.13.0/go.mod h1:oPkhp1MJrh7nUepCBck5+mAzfO9JrbApNNgaTdGDITg=
