github.com/go-curses/corelibs/convert v0.0.0-20231228181752-8fb18cee0baa h1:1jhCJ/2xp6P6EE1x+uR8taMSKrCl/DfVsOhCYlqX+Uo=
github.com/go-curses/corelibs/convert v0.0.0-20231228181752-8fb18cee0baa/go.mod h1:Ga8u3mQLb7FTq/A/TT6lwiWFjNE/TJ8jFM43bfrF90w=
github.com/go-curses/corelibs/maths v0.0.0-20231228181752-8fb18cee0baa h1:4vG+QzB1Tip8mDVxLCBVtXHAJjrrxaz0GnUeoTBnaVA=
github.com/go-curses/corelibs/maths v0.0.0-20231228181752-8fb18cee0baa/go.mod h1:aQIWisSp8edBon8GqUUr197h/gntdsvyNGtyeTcg5U8=
github.com/go-curses/corelibs/regexps v0.0.0-20231228181752-8fb18cee0baa h1:ua1fKbI7BA+HeG/QWQzNizOQT9EYWhIvNDkwsu7AVDQ=
github.com/go-curses/corelibs/regexps v0.0.0-20231228181752-8fb18cee0baa/go.mod h1:4SS5/a+qy24O19u+62B1ktutBr0eTLDbmmNsrdn32aQ=
github.com/go-curses/corelibs/slices v0.0.0-20231228181752-8fb18cee0baa h1:dEdxmIaLrksUmDle229P4GUkfEwh41g5X7E+oBVVDNE=
github.com/go-curses/corelibs/slices v0.0.0-20231228181752-8fb18cee0baa/go.mod h1:Xlve+fyoAY9OriDYCvtulsYurGpa1BBDww+0arx4fcM=
github.com/iancoleman/strcase v0.3.0 h1:nTXanmYxhfFAMjZL34Ov6gkzEsSJZ5DbhxWjvSASxEI=
github.com/iancoleman/strcase v0.3.0/go.mod h1:iwCmte+B7n89clKwxIoIXy/HfoL7AsD47ZCWhYzw7ho=
github.com/maruel/natural v1.1.1 h1:Hja7XhhmvEFhcByqDoHz9QZbkWey+COd9xWfCfn1ioo=
github.com/maruel/natural v1.1.1/go.mod h1:v+Rfd79xlw1AgVBjbO0BEQmptqb5HvL/k9GRHB7ZKEg=
