github.com/go-curses/corelibs/convert v0.0.0-20231229173007-b820a8000872 h1:qeUsI1SPaZPcku87o9ZP8Bn/992lIpQP2TpT3u8ic14=
github.com/go-curses/corelibs/convert v0.0.0-20231229173007-b820a8000872/go.mod h1:mUiXt2h+WbqL01aZ2gYhH8UZ3LzTgvy+tX2o7HA6Ubg=
github.com/go-curses/corelibs/maths v0.0.0-20231229173007-b820a8000872 h1:BDspwno5dRj4Cg0HkoizuVz00LJFBjacnL0Z43W26F8=
github.com/go-curses/corelibs/maths v0.0.0-20231229173007-b820a8000872/go.mod h1:aQIWisSp8edBon8GqUUr197h/gntdsvyNGtyeTcg5U8=
github.com/go-curses/corelibs/regexps v0.0.0-20231229173007-b820a8000872 h1:VdqMloth0bZAfV5uib7+Xtut+BkuV9u5E37xydXLXuU=
github.com/go-curses/corelibs/regexps v0.0.0-20231229173007-b820a8000872/go.mod h1:4SS5/a+qy24O19u+62B1ktutBr0eTLDbmmNsrdn32aQ=
github.com/go-curses/corelibs/slices v0.0.0-20231229173007-b820a8000872 h1:sTjzaaZtAzkzDXu/VLf8FuaJcpn8uObQ+Kk4hi9v93g=
github.com/go-curses/corelibs/slices v0.0.0-20231229173007-b820a8000872/go.mod h1:Xlve+fyoAY9OriDYCvtulsYurGpa1BBDww+0arx4fcM=
github.com/iancoleman/strcase v0.3.0 h1:nTXanmYxhfFAMjZL34Ov6gkzEsSJZ5DbhxWjvSASxEI=
github.com/iancoleman/strcase v0.3.0/go.mod h1:iwCmte+B7n89clKwxIoIXy/HfoL7AsD47ZCWhYzw7ho=
github.com/maruel/natural v1.1.1 h1:Hja7XhhmvEFhcByqDoHz9QZbkWey+COd9xWfCfn1ioo=
github.com/maruel/natural v1.1.1/go.mod h1:v+Rfd79xlw1AgVBjbO0BEQmptqb5HvL/k9GRHB7ZKEg=
